{
  "name": "hupi-frontend",
  "version": "1.0.0",
  "lockfileVersion": 1,
  "requires": true,
  "dependencies": {
    "modapp": {
      "version": "2.4.0",
      "resolved": "https://registry.npmjs.org/modapp/-/modapp-2.4.0.tgz",
      "integrity": "sha512-dYhgvUMcBaprj6QSiE3Q3Jv2kQuaY2g6+Ft8fRsnXgFYubICUvzUT+VBU4+LSsRQ7bf6wsCn99/muR8sNkxMiA==",
      "requires": {
        "modapp-eventbus": "^1.0.1",
        "modapp-utils": "^1.3.0"
      }
    },
    "modapp-eventbus": {
      "version": "1.0.1",
      "resolved": "https://registry.npmjs.org/modapp-eventbus/-/modapp-eventbus-1.0.1.tgz",
      "integrity": "sha512-o85KCBDuWIK43xU3O7ZKigMDVS+ChbKUJaXiNaKarL2e6eGc2mKt0nrfMzGdWkdbnwUjZCVs1z42Tkp2iSeFdA=="
    },
    "modapp-utils": {
      "version": "1.3.0",
      "resolved": "https://registry.npmjs.org/modapp-utils/-/modapp-utils-1.3.0.tgz",
      "integrity": "sha512-i+rKSMQ5k0ZCrHWdtYqeAF1nF6zeToC192czY0akXPSmtXyFF01TKywbSW6OG1qUt2CHdEOAiUqmQSHobDXKhg=="
    },
    "resclient": {
      "version": "2.2.0",
      "resolved": "https://registry.npmjs.org/resclient/-/resclient-2.2.0.tgz",
      "integrity": "sha512-JiiXorBBbp5/XLXs68FvM5QYXimy20kKV4Xg9ANTV7/mjYqL9irA1wkyiNcodMOjPS+2SPC8s4sSjLNbqFF9mw==",
      "requires": {
        "modapp-eventbus": "^1.0.1",
        "modapp-utils": "^1.3.0"
      }
    }
  }
}
